<?xml version="1.0" encoding="utf-8"?>
<Project ToolsVersion="4.0" xmlns="http://schemas.microsoft.com/developer/msbuild/2003">
  <ItemGroup>
    <Filter Include="src">
      <UniqueIdentifier>{9d4f6763-2b9d-4b70-99ca-821b044ac4d7}</UniqueIdentifier>
    </Filter>
  </ItemGroup>
  <ItemGroup>
    <ClCompile Include="..\..\src\compiler\glsl\main.cpp">
      <Filter>src</Filter>
    </ClCompile>
  </ItemGroup>
</Project>